github.com/casbin/casbin/v2 v2.11.2 h1:kdJ3ZMfPtz6uzKwAaW4G4NIld0U2KeHrgFcEhi40evc=
github.com/casbin/casbin/v2 v2.11.2/go.mod h1:XXtYGrs/0zlOsJMeRteEdVi/FsB0ph7KgNfjoCoJUD8=
github.com/lib/pq v1.8.0 h1:9xohqzkUwzR4Ga4ivdTcawVS89YSDVxXMa3xJX3cGzg=
github.com/lib/pq v1.8.0/go.mod h1:AlVN5x4E4T544tWzH6hKfbfQvm3HdbOxrmggDNAPY9o=
xorm.io/xorm v1.0.3 h1:3dALAohvINu2mfEix5a5x5ZmSVGSljinoSGgvGbaZp0=
xorm.io/xorm v1.0.3/go.mod h1:uF9EtbhODq5kNWxMbnBEj8hRRZnlcNSz2t2N7HW/+A4=
